{
  "requires": true,
  "lockfileVersion": 1,
  "dependencies": {
    "first-chunk-stream": {
      "version": "1.0.0",
      "resolved": "https://registry.npmjs.org/first-chunk-stream/-/first-chunk-stream-1.0.0.tgz",
      "integrity": "sha1-Wb+1DNkF9g18OUzT2ayqtOatk04="
    },
    "is-utf8": {
      "version": "0.2.1",
      "resolved": "https://registry.npmjs.org/is-utf8/-/is-utf8-0.2.1.tgz",
      "integrity": "sha1-Sw2hRCEE0bM2NA6AeX6GXPOffXI="
    },
    "lodash": {
      "version": "4.17.4",
      "resolved": "https://registry.npmjs.org/lodash/-/lodash-4.17.4.tgz",
      "integrity": "sha1-eCA6TRwyiuHYbcpkYONptX9AVa4="
    },
    "read-json": {
      "version": "1.0.3",
      "resolved": "https://registry.npmjs.org/read-json/-/read-json-1.0.3.tgz",
      "integrity": "sha1-hy46I6vu6GIQyKICHnl25DqppNE=",
      "requires": {
        "try-call": "0.0.2"
      }
    },
    "strip-bom": {
      "version": "1.0.0",
      "resolved": "https://registry.npmjs.org/strip-bom/-/strip-bom-1.0.0.tgz",
      "integrity": "sha1-hbiGLzhEtabV7IRnqTWYFzo295Q=",
      "requires": {
        "first-chunk-stream": "1.0.0",
        "is-utf8": "0.2.1"
      }
    },
    "try-call": {
      "version": "0.0.2",
      "resolved": "https://registry.npmjs.org/try-call/-/try-call-0.0.2.tgz",
      "integrity": "sha1-bn3Rjd2hCb55UCeySNUg5BpdUUU="
    },
    "try-parse-json": {
      "version": "1.0.2",
      "resolved": "https://registry.npmjs.org/try-parse-json/-/try-parse-json-1.0.2.tgz",
      "integrity": "sha1-SpqrNSa8FIzmLLTNZ/XE9svu5s4="
    }
  }
}
